[ "cowboy": {:git, "git://github.com/extend/cowboy.git", "5e5d8ab299a451ffbf0552bc2190a5fcbec08c16", []},
  "dynamo": {:git, "git://github.com/elixir-lang/dynamo.git", "fde1fc029300db097f5e165679036d49cee8678e", []},
  "ecto": {:git, "git://github.com/elixir-lang/ecto.git", "f72dcf46a9165c1d199b8357329142ff45bd8ede", []},
  "ex_doc": {:git, "https://github.com/elixir-lang/ex_doc.git", "4bc1e9af619fd98e51479cbe09157ff831b0d4e1", []},
  "hackney": {:git, "git://github.com/benoitc/hackney.git", "6f9b403602371bc3d4aa0b67b1e253b105075bcf", []},
  "mimetypes": {:git, "git://github.com/spawngrid/mimetypes.git", "47d37a977a7d633199822bf6b08353007483d00f", []},
  "pgsql": {:git, "git://github.com/semiocast/pgsql.git", "2df33a2925e097aecf28eaefc5bb4c686f347c0e", []},
  "poolboy": {:git, "git://github.com/devinus/poolboy.git", "91b68de43d49bcccf2631016febda70b20d7aa75", []},
  "ranch": {:git, "git://github.com/extend/ranch.git", "4f70a16bbe08e446e8fec248ca345d5f8e7df038", [{:ref, "0.8.4"}]} ]
